
Microsoft Visual Studio Solution File, Format Version 12.00
# Visual Studio Version 17
VisualStudioVersion = 17.0.32014.148
MinimumVisualStudioVersion = 10.0.40219.1
Project("{FAE04EC0-301F-11D3-BF4B-00C04F79EFBC}") = "ConsoleApp8", "ConsoleApp8\ConsoleApp8.csproj", "{AE66AE50-AF31-4F9D-9FF6-25586B3797A5}"
EndProject
Global
	GlobalSection(SolutionConfigurationPlatforms) = preSolution
		Debug|Any CPU = Debug|Any CPU
		Release|Any CPU = Release|Any CPU
	EndGlobalSection
	GlobalSection(ProjectConfigurationPlatforms) = postSolution
		{AE66AE50-AF31-4F9D-9FF6-25586B3797A5}.Debug|Any CPU.ActiveCfg = Debug|Any CPU
		{AE66AE50-AF31-4F9D-9FF6-25586B3797A5}.Debug|Any CPU.Build.0 = Debug|Any CPU
		{AE66AE50-AF31-4F9D-9FF6-25586B3797A5}.Release|Any CPU.ActiveCfg = Release|Any CPU
		{AE66AE50-AF31-4F9D-9FF6-25586B3797A5}.Release|Any CPU.Build.0 = Release|Any CPU
	EndGlobalSection
	GlobalSection(SolutionProperties) = preSolution
		HideSolutionNode = FALSE
	EndGlobalSection
	GlobalSection(ExtensibilityGlobals) = postSolution
		SolutionGuid = {BC69961B-FD8E-4A09-82BC-AE608EBD25ED}
	EndGlobalSection
EndGlobal
